{
  "name": "paper-summariser-tool",
  "lockfileVersion": 3,
  "requires": true,
  "packages": {
    "": {
      "dependencies": {
        "chrome-types": "^0.1.382"
      }
    },
    "node_modules/chrome-types": {
      "version": "0.1.382",
      "resolved": "https://registry.npmjs.org/chrome-types/-/chrome-types-0.1.382.tgz",
      "integrity": "sha512-oRTJGwxjGiq+DBPVQVX42LTHXym+BiLu2WsZrYunOUXWDlSj7Lc09H97atFefTxGNdRs1BfeTFNlmUlXitqbcQ==",
      "license": "Apache-2.0"
    }
  }
}
